
Microsoft Visual Studio Solution File, Format Version 12.00
# Visual Studio Version 16
VisualStudioVersion = 16.0.30413.136
MinimumVisualStudioVersion = 10.0.40219.1
Project("{FAE04EC0-301F-11D3-BF4B-00C04F79EFBC}") = "OnlineLaundry", "OnlineLaundry\OnlineLaundry.csproj", "{5682A5A9-E89A-4B71-8CCD-C75EEF90CB64}"
EndProject
Global
	GlobalSection(SolutionConfigurationPlatforms) = preSolution
		Debug|Any CPU = Debug|Any CPU
		Release|Any CPU = Release|Any CPU
	EndGlobalSection
	GlobalSection(ProjectConfigurationPlatforms) = postSolution
		{5682A5A9-E89A-4B71-8CCD-C75EEF90CB64}.Debug|Any CPU.ActiveCfg = Debug|Any CPU
		{5682A5A9-E89A-4B71-8CCD-C75EEF90CB64}.Debug|Any CPU.Build.0 = Debug|Any CPU
		{5682A5A9-E89A-4B71-8CCD-C75EEF90CB64}.Release|Any CPU.ActiveCfg = Release|Any CPU
		{5682A5A9-E89A-4B71-8CCD-C75EEF90CB64}.Release|Any CPU.Build.0 = Release|Any CPU
	EndGlobalSection
	GlobalSection(SolutionProperties) = preSolution
		HideSolutionNode = FALSE
	EndGlobalSection
	GlobalSection(ExtensibilityGlobals) = postSolution
		SolutionGuid = {3DD6D00F-118F-410D-A10E-B6429F4EA178}
	EndGlobalSection
EndGlobal
